
Microsoft Visual Studio Solution File, Format Version 12.00
# Visual Studio 2013
VisualStudioVersion = 12.0.40629.0
MinimumVisualStudioVersion = 10.0.40219.1
Project("{FAE04EC0-301F-11D3-BF4B-00C04F79EFBC}") = "CassetteTapeRental.Business", "CassetteTapeRental.Business\CassetteTapeRental.Business.csproj", "{F42CAF92-F5EC-4C98-85C3-D3DFC329E9C8}"
EndProject
Project("{FAE04EC0-301F-11D3-BF4B-00C04F79EFBC}") = "UnitTests.CassetteTapeRental.Business", "UnitTests.CassetteTapeRental.Business\UnitTests.CassetteTapeRental.Business.csproj", "{227A7C9A-9CC0-44ED-88F9-363A2A8EFD69}"
EndProject
Project("{FAE04EC0-301F-11D3-BF4B-00C04F79EFBC}") = "CassetteTapeRental.Common", "CassetteTapeRental.Common\CassetteTapeRental.Common.csproj", "{B951E345-2436-44C6-80AA-896E4D98D4B1}"
EndProject
Global
	GlobalSection(SolutionConfigurationPlatforms) = preSolution
		Debug|Any CPU = Debug|Any CPU
		Debug|x86 = Debug|x86
		Release|Any CPU = Release|Any CPU
		Release|x86 = Release|x86
	EndGlobalSection
	GlobalSection(ProjectConfigurationPlatforms) = postSolution
		{F42CAF92-F5EC-4C98-85C3-D3DFC329E9C8}.Debug|Any CPU.ActiveCfg = Debug|Any CPU
		{F42CAF92-F5EC-4C98-85C3-D3DFC329E9C8}.Debug|Any CPU.Build.0 = Debug|Any CPU
		{F42CAF92-F5EC-4C98-85C3-D3DFC329E9C8}.Debug|x86.ActiveCfg = Debug|Any CPU
		{F42CAF92-F5EC-4C98-85C3-D3DFC329E9C8}.Release|Any CPU.ActiveCfg = Release|Any CPU
		{F42CAF92-F5EC-4C98-85C3-D3DFC329E9C8}.Release|Any CPU.Build.0 = Release|Any CPU
		{F42CAF92-F5EC-4C98-85C3-D3DFC329E9C8}.Release|x86.ActiveCfg = Release|Any CPU
		{227A7C9A-9CC0-44ED-88F9-363A2A8EFD69}.Debug|Any CPU.ActiveCfg = Debug|Any CPU
		{227A7C9A-9CC0-44ED-88F9-363A2A8EFD69}.Debug|Any CPU.Build.0 = Debug|Any CPU
		{227A7C9A-9CC0-44ED-88F9-363A2A8EFD69}.Debug|x86.ActiveCfg = Debug|Any CPU
		{227A7C9A-9CC0-44ED-88F9-363A2A8EFD69}.Release|Any CPU.ActiveCfg = Release|Any CPU
		{227A7C9A-9CC0-44ED-88F9-363A2A8EFD69}.Release|Any CPU.Build.0 = Release|Any CPU
		{227A7C9A-9CC0-44ED-88F9-363A2A8EFD69}.Release|x86.ActiveCfg = Release|Any CPU
		{B951E345-2436-44C6-80AA-896E4D98D4B1}.Debug|Any CPU.ActiveCfg = Debug|Any CPU
		{B951E345-2436-44C6-80AA-896E4D98D4B1}.Debug|Any CPU.Build.0 = Debug|Any CPU
		{B951E345-2436-44C6-80AA-896E4D98D4B1}.Debug|x86.ActiveCfg = Debug|Any CPU
		{B951E345-2436-44C6-80AA-896E4D98D4B1}.Release|Any CPU.ActiveCfg = Release|Any CPU
		{B951E345-2436-44C6-80AA-896E4D98D4B1}.Release|Any CPU.Build.0 = Release|Any CPU
		{B951E345-2436-44C6-80AA-896E4D98D4B1}.Release|x86.ActiveCfg = Release|Any CPU
	EndGlobalSection
	GlobalSection(SolutionProperties) = preSolution
		HideSolutionNode = FALSE
	EndGlobalSection
	GlobalSection(TestCaseManagementSettings) = postSolution
		CategoryFile = CassetteTapeRental1.vsmdi
	EndGlobalSection
EndGlobal
